
Microsoft Visual Studio Solution File, Format Version 12.00
# Visual Studio 14
VisualStudioVersion = 14.0.23107.0
MinimumVisualStudioVersion = 10.0.40219.1
Project("{FAE04EC0-301F-11D3-BF4B-00C04F79EFBC}") = "JassBot", "JassBot\JassBot.csproj", "{D82C6F1F-AD3F-4168-B2AE-688EDBF4BE39}"
EndProject
Project("{FAE04EC0-301F-11D3-BF4B-00C04F79EFBC}") = "JassBotTest", "JassBotTest\JassBotTest.csproj", "{FB6C023F-38AC-4673-A8D2-C56EF05E88C2}"
EndProject
Global
	GlobalSection(SolutionConfigurationPlatforms) = preSolution
		Debug|Any CPU = Debug|Any CPU
		Release|Any CPU = Release|Any CPU
	EndGlobalSection
	GlobalSection(ProjectConfigurationPlatforms) = postSolution
		{D82C6F1F-AD3F-4168-B2AE-688EDBF4BE39}.Debug|Any CPU.ActiveCfg = Debug|Any CPU
		{D82C6F1F-AD3F-4168-B2AE-688EDBF4BE39}.Debug|Any CPU.Build.0 = Debug|Any CPU
		{D82C6F1F-AD3F-4168-B2AE-688EDBF4BE39}.Release|Any CPU.ActiveCfg = Release|Any CPU
		{D82C6F1F-AD3F-4168-B2AE-688EDBF4BE39}.Release|Any CPU.Build.0 = Release|Any CPU
		{FB6C023F-38AC-4673-A8D2-C56EF05E88C2}.Debug|Any CPU.ActiveCfg = Debug|Any CPU
		{FB6C023F-38AC-4673-A8D2-C56EF05E88C2}.Debug|Any CPU.Build.0 = Debug|Any CPU
		{FB6C023F-38AC-4673-A8D2-C56EF05E88C2}.Release|Any CPU.ActiveCfg = Release|Any CPU
		{FB6C023F-38AC-4673-A8D2-C56EF05E88C2}.Release|Any CPU.Build.0 = Release|Any CPU
	EndGlobalSection
	GlobalSection(SolutionProperties) = preSolution
		HideSolutionNode = FALSE
	EndGlobalSection
EndGlobal
